
Microsoft Visual Studio Solution File, Format Version 12.00
Project("{FAE04EC0-301F-11D3-BF4B-00C04F79EFBC}") = "Container", "Container.csproj", "{90E49FB7-0A5A-4049-A646-B56EAE7B8123}"
EndProject
Global
	GlobalSection(SolutionConfigurationPlatforms) = preSolution
		Debug|Any CPU = Debug|Any CPU
		Release|Any CPU = Release|Any CPU
	EndGlobalSection
	GlobalSection(ProjectConfigurationPlatforms) = postSolution
		{90E49FB7-0A5A-4049-A646-B56EAE7B8123}.Debug|Any CPU.ActiveCfg = Debug|Any CPU
		{90E49FB7-0A5A-4049-A646-B56EAE7B8123}.Debug|Any CPU.Build.0 = Debug|Any CPU
		{90E49FB7-0A5A-4049-A646-B56EAE7B8123}.Release|Any CPU.ActiveCfg = Release|Any CPU
		{90E49FB7-0A5A-4049-A646-B56EAE7B8123}.Release|Any CPU.Build.0 = Release|Any CPU
	EndGlobalSection
EndGlobal
